lockfileVersion: '9.0'

settings:
  autoInstallPeers: true
  excludeLinksFromLockfile: false

importers:

  .: {}

  bundles/dsh-plugins:
    dependencies:
      '@deepseek-ai/dsh-authorization':
        specifier: ^0.1.3-alpha.2
        version: 0.1.3-alpha.2(@deepseek-ai/cordis@4.0.2)(@deepseek-ai/dsh-credentials@0.1.3-alpha.2(@deepseek-ai/cordis@4.0.2)(@deepseek-ai/dsh-invariants@0.1.5-alpha.1(@deepseek-ai/cordis@4.0.2)))(@deepseek-ai/dsh-invariants@0.1.5-alpha.1(@deepseek-ai/cordis@4.0.2))(@deepseek-ai/dsh-llm@0.1.5-alpha.1(@deepseek-ai/cordis@4.0.2))
      dsh-codex-login-plugin:
        specifier: workspace:^
        version: link:../../packages/codex-login
      dsh-system-notification-plugin:
        specifier: workspace:^
        version: link:../../packages/system-notification

  packages/codex-login:
    dependencies:
      '@deepseek-ai/dsh-authorization':
        specifier: ^0.1.3-alpha.2
        version: 0.1.3-alpha.2(@deepseek-ai/cordis@4.0.2)(@deepseek-ai/dsh-credentials@0.1.3-alpha.2(@deepseek-ai/cordis@4.0.2)(@deepseek-ai/dsh-invariants@0.1.5-alpha.1(@deepseek-ai/cordis@4.0.2)))(@deepseek-ai/dsh-invariants@0.1.5-alpha.1(@deepseek-ai/cordis@4.0.2))(@deepseek-ai/dsh-llm@0.1.5-alpha.1(@deepseek-ai/cordis@4.0.2))

  packages/init:
    dependencies:
      '@deepseek-ai/dsh-commands':
        specifier: ^0.1.5-alpha.1
        version: 0.1.5-alpha.1(@deepseek-ai/cordis@4.0.2)(@deepseek-ai/dsh-agent@0.1.5-alpha.1(288d2f4271bc6bef491bb5a5c084f12c))(@deepseek-ai/dsh-attachment@0.1.5-alpha.1(@deepseek-ai/cordis@4.0.2)(@deepseek-ai/dsh-brand@0.1.5-alpha.1(@deepseek-ai/cordis@4.0.2)))(@deepseek-ai/dsh-brand@0.1.5-alpha.1(@deepseek-ai/cordis@4.0.2))(@deepseek-ai/dsh-invariants@0.1.5-alpha.1(@deepseek-ai/cordis@4.0.2))(@deepseek-ai/dsh-llm@0.1.5-alpha.1(@deepseek-ai/cordis@4.0.2))(@deepseek-ai/dsh-scope@0.1.5-alpha.1(@deepseek-ai/cordis@4.0.2)(@deepseek-ai/dsh-invariants@0.1.5-alpha.1(@deepseek-ai/cordis@4.0.2)))(@deepseek-ai/dsh-session@0.1.5-alpha.1(@deepseek-ai/cordis@4.0.2)(@deepseek-ai/dsh-scope@0.1.5-alpha.1(@deepseek-ai/cordis@4.0.2)(@deepseek-ai/dsh-invariants@0.1.5-alpha.1(@deepseek-ai/cordis@4.0.2))))(@deepseek-ai/dsh-typert-protocol@0.1.5-alpha.1(@deepseek-ai/cordis@4.0.2))
      '@deepseek-ai/dsh-llm':
        specifier: ^0.1.5-alpha.1
        version: 0.1.5-alpha.1(@deepseek-ai/cordis@4.0.2)

  packages/system-notification:
    dependencies:
      '@deepseek-ai/dsh-commands':
        specifier: ^0.1.5-alpha.1
        version: 0.1.5-alpha.1(@deepseek-ai/cordis@4.0.2)(@deepseek-ai/dsh-agent@0.1.5-alpha.1(288d2f4271bc6bef491bb5a5c084f12c))(@deepseek-ai/dsh-attachment@0.1.5-alpha.1(@deepseek-ai/cordis@4.0.2)(@deepseek-ai/dsh-brand@0.1.5-alpha.1(@deepseek-ai/cordis@4.0.2)))(@deepseek-ai/dsh-brand@0.1.5-alpha.1(@deepseek-ai/cordis@4.0.2))(@deepseek-ai/dsh-invariants@0.1.5-alpha.1(@deepseek-ai/cordis@4.0.2))(@deepseek-ai/dsh-llm@0.1.5-alpha.1(@deepseek-ai/cordis@4.0.2))(@deepseek-ai/dsh-scope@0.1.5-alpha.1(@deepseek-ai/cordis@4.0.2)(@deepseek-ai/dsh-invariants@0.1.5-alpha.1(@deepseek-ai/cordis@4.0.2)))(@deepseek-ai/dsh-session@0.1.5-alpha.1(@deepseek-ai/cordis@4.0.2)(@deepseek-ai/dsh-scope@0.1.5-alpha.1(@deepseek-ai/cordis@4.0.2)(@deepseek-ai/dsh-invariants@0.1.5-alpha.1(@deepseek-ai/cordis@4.0.2))))(@deepseek-ai/dsh-typert-protocol@0.1.5-alpha.1(@deepseek-ai/cordis@4.0.2))
      '@deepseek-ai/dsh-llm':
        specifier: ^0.1.5-alpha.1
        version: 0.1.5-alpha.1(@deepseek-ai/cordis@4.0.2)

packages:

  '@deepseek-ai/cordis@4.0.2':
    resolution: {integrity: sha512-asOnXP1TzFSFQlHb1iegDZp0z/8WD1c7YNrwJR/Tx2bzNuMXfcekE/I67Iv6SQXeLB4csxqCngzQKANP7gdw0g==}
    hasBin: true
    peerDependencies:
      '@deepseek-ai/cordis-plugin-include': ^1.0.7
      '@deepseek-ai/cordis-plugin-loader': ^1.0.3
    peerDependenciesMeta:
      '@deepseek-ai/cordis-plugin-include':
        optional: true
      '@deepseek-ai/cordis-plugin-loader':
        optional: true

  '@deepseek-ai/cosmokit@1.8.3':
    resolution: {integrity: sha512-qBo+ronVM6Eu2WNVJXi8JcMiqZ19T9BRIpV+5qJUFPXjGH/Z0QKcQMC/IZJ7L394YTOtJgcovbk9qP0w2GsBXQ==}

  '@deepseek-ai/dsh-agent@0.1.5-alpha.1':
    resolution: {integrity: sha512-Klimoo970OFP2/5sk6MaycY5l4VHeK8dN5jEIL3l9EBerr4QnoDOZMmLVkrx3cSk9OCm4KfQWrv8Gkm1HJ3fUg==}
    peerDependencies:
      '@deepseek-ai/cordis': ^4.0.2
      '@deepseek-ai/dsh-invariants': ^0.1.5-alpha.1
      '@deepseek-ai/dsh-llm': ^0.1.5-alpha.1
      '@deepseek-ai/dsh-scope': ^0.1.5-alpha.1
      '@deepseek-ai/dsh-session': ^0.1.5-alpha.1
      '@deepseek-ai/dsh-session-projection': ^0.1.5-alpha.1
      '@deepseek-ai/dsh-system-prompt': ^0.1.5-alpha.1
      '@deepseek-ai/dsh-typert-protocol': ^0.1.5-alpha.1
      '@deepseek-ai/dsh-util-values': ^0.1.5-alpha.1

  '@deepseek-ai/dsh-attachment@0.1.5-alpha.1':
    resolution: {integrity: sha512-2XBsE+J4zSFEC09OhCXVD1BPWR3KIdVlM7lKcaHBEuUHwqewS/g16DbM/yAmFUaigjXS9zuQFThCAv7QYb1JhA==}
    peerDependencies:
      '@deepseek-ai/cordis': ^4.0.2
      '@deepseek-ai/dsh-brand': ^0.1.5-alpha.1

  '@deepseek-ai/dsh-authorization@0.1.3-alpha.2':
    resolution: {integrity: sha512-1V/yI0nSk3u4IUXQPzdSwvW+OuIBk7MdPyv5b62mluB4ZLcWCnQ7uIzthqcwsenpHpm7d+ibVv7QLJpoOjAjGA==}
    peerDependencies:
      '@deepseek-ai/cordis': ^4.0.2
      '@deepseek-ai/dsh-credentials': ^0.1.3-alpha.2
      '@deepseek-ai/dsh-invariants': ^0.1.3-alpha.2
      '@deepseek-ai/dsh-llm': ^0.1.3-alpha.2

  '@deepseek-ai/dsh-brand@0.1.3-alpha.2':
    resolution: {integrity: sha512-3eLurldce0RAMyXZRQKqcEGYONfF+fUhvE++pfVku01TXea34UqGO64uCyNM0jliKuhoyz6n423/vEFz7j8CsQ==}
    peerDependencies:
      '@deepseek-ai/cordis': ^4.0.2

  '@deepseek-ai/dsh-brand@0.1.5-alpha.1':
    resolution: {integrity: sha512-R7CADJl81Q5PMeIKAQfzP9ZRauLw7niiSZDUVqZfxAkNMlGbKIqdXtUIMuxOv1TQUW8fuqqqPVSDo7m+QtKQxA==}
    peerDependencies:
      '@deepseek-ai/cordis': ^4.0.2

  '@deepseek-ai/dsh-commands@0.1.5-alpha.1':
    resolution: {integrity: sha512-+qCkzb7iqX34QB0MzO62LzOZnjZ4G8fZMHPREQ4rBOjfEMbP3brFC5r4FCg7tnQotd8/pYSRlq5TiGugUw3FwA==}
    peerDependencies:
      '@deepseek-ai/cordis': ^4.0.2
      '@deepseek-ai/dsh-agent': ^0.1.5-alpha.1
      '@deepseek-ai/dsh-attachment': ^0.1.5-alpha.1
      '@deepseek-ai/dsh-brand': ^0.1.5-alpha.1
      '@deepseek-ai/dsh-invariants': ^0.1.5-alpha.1
      '@deepseek-ai/dsh-llm': ^0.1.5-alpha.1
      '@deepseek-ai/dsh-scope': ^0.1.5-alpha.1
      '@deepseek-ai/dsh-session': ^0.1.5-alpha.1
      '@deepseek-ai/dsh-typert-protocol': ^0.1.5-alpha.1

  '@deepseek-ai/dsh-credentials@0.1.3-alpha.2':
    resolution: {integrity: sha512-0JBjRhY8Htxw14CgB0idNrff29uwYMw1m4I4eT4CWs9AlJjipD61MRQeLKWUWK/e9aXClH7WPpEbUQWcLXjmYw==}
    peerDependencies:
      '@deepseek-ai/cordis': ^4.0.2
      '@deepseek-ai/dsh-invariants': ^0.1.3-alpha.2

  '@deepseek-ai/dsh-invariants@0.1.5-alpha.1':
    resolution: {integrity: sha512-8Ote6DMq12u/X7eu5OfjlXPI1jxbEFUEm1jLIu6X03XZJT37O6S+wHvf5XCF0Kq43Ch7r5sibT3xcgTZpWRkNQ==}
    peerDependencies:
      '@deepseek-ai/cordis': ^4.0.2

  '@deepseek-ai/dsh-llm@0.1.5-alpha.1':
    resolution: {integrity: sha512-ncbGiWdvOG9v3K4b/LluSnrrG1w0lHKGkDsjztz1rfekvp2meLeQwbf59VCQRG68N9hdqNcr8dm0GFLEpGTE4w==}
    peerDependencies:
      '@deepseek-ai/cordis': ^4.0.2

  '@deepseek-ai/dsh-scope@0.1.5-alpha.1':
    resolution: {integrity: sha512-rY/5BQAiP0hPBArwPB2uf5kXdWfmSHcOXprB7hrDeyZ6EwciYfUgOX8n5CY/FT7e2ypd3Lwqqe90fibUxU3xGg==}
    peerDependencies:
      '@deepseek-ai/cordis': ^4.0.2
      '@deepseek-ai/dsh-invariants': ^0.1.5-alpha.1

  '@deepseek-ai/dsh-session-projection@0.1.5-alpha.1':
    resolution: {integrity: sha512-V68REQFndPMxtbwsX+MOPkrBF6nvSWC5L5cbFheX5EcgIqe2gJthRH4j0aQyTt3HOHeu3VRlNDXeE/Ys6pEejg==}
    peerDependencies:
      '@deepseek-ai/cordis': ^4.0.2
      '@deepseek-ai/dsh-session': ^0.1.5-alpha.1

  '@deepseek-ai/dsh-session@0.1.5-alpha.1':
    resolution: {integrity: sha512-15+FxQFoVDDG1Lh0wA8dqVpVz7O4iUiXtVYM+ETg/ce6+gITPafXTEDd5i8HTIMnPRjZxEwX0BUlDDsChsjjNw==}
    peerDependencies:
      '@deepseek-ai/cordis': ^4.0.2
      '@deepseek-ai/dsh-scope': ^0.1.5-alpha.1

  '@deepseek-ai/dsh-system-prompt@0.1.5-alpha.1':
    resolution: {integrity: sha512-sQk/K05ZOFn2xbDbbCTfDN1Jr5lMBz+dPVreqkVsXbt72QxzTGM4yw8JmDJEvUMVnOKBsKyWpLrvBpcYN8Unbw==}
    peerDependencies:
      '@deepseek-ai/cordis': ^4.0.2
      '@deepseek-ai/dsh-invariants': ^0.1.5-alpha.1
      '@deepseek-ai/dsh-llm': ^0.1.5-alpha.1
      '@deepseek-ai/dsh-scope': ^0.1.5-alpha.1

  '@deepseek-ai/dsh-timeout@0.1.5-alpha.1':
    resolution: {integrity: sha512-QTcHWuKD1/LuHyXTvwX85LzWhgcqUeIza0FjajekIDYG7+jW1K6T6gzRYaOger0pAzJMylUz8iERU16cHR1c8A==}
    peerDependencies:
      '@deepseek-ai/cordis': ^4.0.2

  '@deepseek-ai/dsh-typert-protocol@0.1.5-alpha.1':
    resolution: {integrity: sha512-TYUDD047W5uxXK+8QX8lR8z/cAUqQBBy2mzU2kX7i7STtjzzeIqf+29JzANDFDFIXjwKmszk6VjeX7pwyjinIw==}
    peerDependencies:
      '@deepseek-ai/cordis': ^4.0.2

  '@deepseek-ai/dsh-util-crypto@0.1.5-alpha.1':
    resolution: {integrity: sha512-lTTpyRKowbzlvrwHJr7leMDt/Iul8cLmlrwn+JLyKid5YzX1NDK7MgkrEYivqGplX5Jd64GRcXU1bGpz9phULA==}
    peerDependencies:
      '@deepseek-ai/cordis': ^4.0.2

  '@deepseek-ai/dsh-util-values@0.1.5-alpha.1':
    resolution: {integrity: sha512-slx5c7zAg1VAwvfkCNe24+NTu93FlQuI5vHLx0rb/S7HIVeCqI5Lm5158WCKjPTvHxXXOpACy7qY9L17lwCsFw==}
    peerDependencies:
      '@deepseek-ai/cordis': ^4.0.2

  '@deepseek-ai/schemastery@3.18.2':
    resolution: {integrity: sha512-njDtZsznjYxok7KLLlHOPyuv2efdWVbSflAHgztSfbMsg+CVraEoRe2DjOCgClYv3ZCSm7WXoaUkbB/+RY7tWQ==}

  '@standard-schema/spec@1.1.0':
    resolution: {integrity: sha512-l2aFy5jALhniG5HgqrD6jXLi/rUWrKvqN/qJx6yoJsgKhblVd+iqqU4RCXavm/jPityDo5TCvKMnpjKnOriy0w==}

  zod@4.5.4:
    resolution: {integrity: sha512-sC95tT5iHHH9gtpj6A81kh+NEaRAUFN+qlUPDUbRfOMvNf5QCBqsb3WgvnpVtK5Y+4UfA6KqufotuTvMGiTlsA==}

snapshots:

  '@deepseek-ai/cordis@4.0.2':
    dependencies:
      '@deepseek-ai/cosmokit': 1.8.3
      '@standard-schema/spec': 1.1.0

  '@deepseek-ai/cosmokit@1.8.3': {}

  '@deepseek-ai/dsh-agent@0.1.5-alpha.1(288d2f4271bc6bef491bb5a5c084f12c)':
    dependencies:
      '@deepseek-ai/cordis': 4.0.2
      '@deepseek-ai/dsh-invariants': 0.1.5-alpha.1(@deepseek-ai/cordis@4.0.2)
      '@deepseek-ai/dsh-llm': 0.1.5-alpha.1(@deepseek-ai/cordis@4.0.2)
      '@deepseek-ai/dsh-scope': 0.1.5-alpha.1(@deepseek-ai/cordis@4.0.2)(@deepseek-ai/dsh-invariants@0.1.5-alpha.1(@deepseek-ai/cordis@4.0.2))
      '@deepseek-ai/dsh-session': 0.1.5-alpha.1(@deepseek-ai/cordis@4.0.2)(@deepseek-ai/dsh-scope@0.1.5-alpha.1(@deepseek-ai/cordis@4.0.2)(@deepseek-ai/dsh-invariants@0.1.5-alpha.1(@deepseek-ai/cordis@4.0.2)))
      '@deepseek-ai/dsh-session-projection': 0.1.5-alpha.1(@deepseek-ai/cordis@4.0.2)(@deepseek-ai/dsh-session@0.1.5-alpha.1(@deepseek-ai/cordis@4.0.2)(@deepseek-ai/dsh-scope@0.1.5-alpha.1(@deepseek-ai/cordis@4.0.2)(@deepseek-ai/dsh-invariants@0.1.5-alpha.1(@deepseek-ai/cordis@4.0.2))))
      '@deepseek-ai/dsh-system-prompt': 0.1.5-alpha.1(@deepseek-ai/cordis@4.0.2)(@deepseek-ai/dsh-invariants@0.1.5-alpha.1(@deepseek-ai/cordis@4.0.2))(@deepseek-ai/dsh-llm@0.1.5-alpha.1(@deepseek-ai/cordis@4.0.2))(@deepseek-ai/dsh-scope@0.1.5-alpha.1(@deepseek-ai/cordis@4.0.2)(@deepseek-ai/dsh-invariants@0.1.5-alpha.1(@deepseek-ai/cordis@4.0.2)))
      '@deepseek-ai/dsh-typert-protocol': 0.1.5-alpha.1(@deepseek-ai/cordis@4.0.2)
      '@deepseek-ai/dsh-util-values': 0.1.5-alpha.1(@deepseek-ai/cordis@4.0.2)

  '@deepseek-ai/dsh-attachment@0.1.5-alpha.1(@deepseek-ai/cordis@4.0.2)(@deepseek-ai/dsh-brand@0.1.5-alpha.1(@deepseek-ai/cordis@4.0.2))':
    dependencies:
      '@deepseek-ai/cordis': 4.0.2
      '@deepseek-ai/dsh-brand': 0.1.5-alpha.1(@deepseek-ai/cordis@4.0.2)

  '@deepseek-ai/dsh-authorization@0.1.3-alpha.2(@deepseek-ai/cordis@4.0.2)(@deepseek-ai/dsh-credentials@0.1.3-alpha.2(@deepseek-ai/cordis@4.0.2)(@deepseek-ai/dsh-invariants@0.1.5-alpha.1(@deepseek-ai/cordis@4.0.2)))(@deepseek-ai/dsh-invariants@0.1.5-alpha.1(@deepseek-ai/cordis@4.0.2))(@deepseek-ai/dsh-llm@0.1.5-alpha.1(@deepseek-ai/cordis@4.0.2))':
    dependencies:
      '@deepseek-ai/cordis': 4.0.2
      '@deepseek-ai/dsh-credentials': 0.1.3-alpha.2(@deepseek-ai/cordis@4.0.2)(@deepseek-ai/dsh-invariants@0.1.5-alpha.1(@deepseek-ai/cordis@4.0.2))
      '@deepseek-ai/dsh-invariants': 0.1.5-alpha.1(@deepseek-ai/cordis@4.0.2)
      '@deepseek-ai/dsh-llm': 0.1.5-alpha.1(@deepseek-ai/cordis@4.0.2)

  '@deepseek-ai/dsh-brand@0.1.3-alpha.2(@deepseek-ai/cordis@4.0.2)':
    dependencies:
      '@deepseek-ai/cordis': 4.0.2

  '@deepseek-ai/dsh-brand@0.1.5-alpha.1(@deepseek-ai/cordis@4.0.2)':
    dependencies:
      '@deepseek-ai/cordis': 4.0.2

  '@deepseek-ai/dsh-commands@0.1.5-alpha.1(@deepseek-ai/cordis@4.0.2)(@deepseek-ai/dsh-agent@0.1.5-alpha.1(288d2f4271bc6bef491bb5a5c084f12c))(@deepseek-ai/dsh-attachment@0.1.5-alpha.1(@deepseek-ai/cordis@4.0.2)(@deepseek-ai/dsh-brand@0.1.5-alpha.1(@deepseek-ai/cordis@4.0.2)))(@deepseek-ai/dsh-brand@0.1.5-alpha.1(@deepseek-ai/cordis@4.0.2))(@deepseek-ai/dsh-invariants@0.1.5-alpha.1(@deepseek-ai/cordis@4.0.2))(@deepseek-ai/dsh-llm@0.1.5-alpha.1(@deepseek-ai/cordis@4.0.2))(@deepseek-ai/dsh-scope@0.1.5-alpha.1(@deepseek-ai/cordis@4.0.2)(@deepseek-ai/dsh-invariants@0.1.5-alpha.1(@deepseek-ai/cordis@4.0.2)))(@deepseek-ai/dsh-session@0.1.5-alpha.1(@deepseek-ai/cordis@4.0.2)(@deepseek-ai/dsh-scope@0.1.5-alpha.1(@deepseek-ai/cordis@4.0.2)(@deepseek-ai/dsh-invariants@0.1.5-alpha.1(@deepseek-ai/cordis@4.0.2))))(@deepseek-ai/dsh-typert-protocol@0.1.5-alpha.1(@deepseek-ai/cordis@4.0.2))':
    dependencies:
      '@deepseek-ai/cordis': 4.0.2
      '@deepseek-ai/dsh-agent': 0.1.5-alpha.1(288d2f4271bc6bef491bb5a5c084f12c)
      '@deepseek-ai/dsh-attachment': 0.1.5-alpha.1(@deepseek-ai/cordis@4.0.2)(@deepseek-ai/dsh-brand@0.1.5-alpha.1(@deepseek-ai/cordis@4.0.2))
      '@deepseek-ai/dsh-brand': 0.1.5-alpha.1(@deepseek-ai/cordis@4.0.2)
      '@deepseek-ai/dsh-invariants': 0.1.5-alpha.1(@deepseek-ai/cordis@4.0.2)
      '@deepseek-ai/dsh-llm': 0.1.5-alpha.1(@deepseek-ai/cordis@4.0.2)
      '@deepseek-ai/dsh-scope': 0.1.5-alpha.1(@deepseek-ai/cordis@4.0.2)(@deepseek-ai/dsh-invariants@0.1.5-alpha.1(@deepseek-ai/cordis@4.0.2))
      '@deepseek-ai/dsh-session': 0.1.5-alpha.1(@deepseek-ai/cordis@4.0.2)(@deepseek-ai/dsh-scope@0.1.5-alpha.1(@deepseek-ai/cordis@4.0.2)(@deepseek-ai/dsh-invariants@0.1.5-alpha.1(@deepseek-ai/cordis@4.0.2)))
      '@deepseek-ai/dsh-typert-protocol': 0.1.5-alpha.1(@deepseek-ai/cordis@4.0.2)
      '@deepseek-ai/dsh-util-crypto': 0.1.5-alpha.1(@deepseek-ai/cordis@4.0.2)
      zod: 4.5.4

  '@deepseek-ai/dsh-credentials@0.1.3-alpha.2(@deepseek-ai/cordis@4.0.2)(@deepseek-ai/dsh-invariants@0.1.5-alpha.1(@deepseek-ai/cordis@4.0.2))':
    dependencies:
      '@deepseek-ai/cordis': 4.0.2
      '@deepseek-ai/dsh-brand': 0.1.3-alpha.2(@deepseek-ai/cordis@4.0.2)
      '@deepseek-ai/dsh-invariants': 0.1.5-alpha.1(@deepseek-ai/cordis@4.0.2)

  '@deepseek-ai/dsh-invariants@0.1.5-alpha.1(@deepseek-ai/cordis@4.0.2)':
    dependencies:
      '@deepseek-ai/cordis': 4.0.2
      '@deepseek-ai/schemastery': 3.18.2

  '@deepseek-ai/dsh-llm@0.1.5-alpha.1(@deepseek-ai/cordis@4.0.2)':
    dependencies:
      '@deepseek-ai/cordis': 4.0.2
      '@deepseek-ai/dsh-brand': 0.1.5-alpha.1(@deepseek-ai/cordis@4.0.2)
      '@deepseek-ai/dsh-timeout': 0.1.5-alpha.1(@deepseek-ai/cordis@4.0.2)
      '@deepseek-ai/dsh-typert-protocol': 0.1.5-alpha.1(@deepseek-ai/cordis@4.0.2)
      '@deepseek-ai/dsh-util-crypto': 0.1.5-alpha.1(@deepseek-ai/cordis@4.0.2)
      '@deepseek-ai/dsh-util-values': 0.1.5-alpha.1(@deepseek-ai/cordis@4.0.2)
      '@deepseek-ai/schemastery': 3.18.2
      zod: 4.5.4

  '@deepseek-ai/dsh-scope@0.1.5-alpha.1(@deepseek-ai/cordis@4.0.2)(@deepseek-ai/dsh-invariants@0.1.5-alpha.1(@deepseek-ai/cordis@4.0.2))':
    dependencies:
      '@deepseek-ai/cordis': 4.0.2
      '@deepseek-ai/dsh-invariants': 0.1.5-alpha.1(@deepseek-ai/cordis@4.0.2)

  '@deepseek-ai/dsh-session-projection@0.1.5-alpha.1(@deepseek-ai/cordis@4.0.2)(@deepseek-ai/dsh-session@0.1.5-alpha.1(@deepseek-ai/cordis@4.0.2)(@deepseek-ai/dsh-scope@0.1.5-alpha.1(@deepseek-ai/cordis@4.0.2)(@deepseek-ai/dsh-invariants@0.1.5-alpha.1(@deepseek-ai/cordis@4.0.2))))':
    dependencies:
      '@deepseek-ai/cordis': 4.0.2
      '@deepseek-ai/dsh-session': 0.1.5-alpha.1(@deepseek-ai/cordis@4.0.2)(@deepseek-ai/dsh-scope@0.1.5-alpha.1(@deepseek-ai/cordis@4.0.2)(@deepseek-ai/dsh-invariants@0.1.5-alpha.1(@deepseek-ai/cordis@4.0.2)))
      zod: 4.5.4

  '@deepseek-ai/dsh-session@0.1.5-alpha.1(@deepseek-ai/cordis@4.0.2)(@deepseek-ai/dsh-scope@0.1.5-alpha.1(@deepseek-ai/cordis@4.0.2)(@deepseek-ai/dsh-invariants@0.1.5-alpha.1(@deepseek-ai/cordis@4.0.2)))':
    dependencies:
      '@deepseek-ai/cordis': 4.0.2
      '@deepseek-ai/dsh-brand': 0.1.5-alpha.1(@deepseek-ai/cordis@4.0.2)
      '@deepseek-ai/dsh-llm': 0.1.5-alpha.1(@deepseek-ai/cordis@4.0.2)
      '@deepseek-ai/dsh-scope': 0.1.5-alpha.1(@deepseek-ai/cordis@4.0.2)(@deepseek-ai/dsh-invariants@0.1.5-alpha.1(@deepseek-ai/cordis@4.0.2))
      '@deepseek-ai/dsh-util-values': 0.1.5-alpha.1(@deepseek-ai/cordis@4.0.2)

  '@deepseek-ai/dsh-system-prompt@0.1.5-alpha.1(@deepseek-ai/cordis@4.0.2)(@deepseek-ai/dsh-invariants@0.1.5-alpha.1(@deepseek-ai/cordis@4.0.2))(@deepseek-ai/dsh-llm@0.1.5-alpha.1(@deepseek-ai/cordis@4.0.2))(@deepseek-ai/dsh-scope@0.1.5-alpha.1(@deepseek-ai/cordis@4.0.2)(@deepseek-ai/dsh-invariants@0.1.5-alpha.1(@deepseek-ai/cordis@4.0.2)))':
    dependencies:
      '@deepseek-ai/cordis': 4.0.2
      '@deepseek-ai/dsh-invariants': 0.1.5-alpha.1(@deepseek-ai/cordis@4.0.2)
      '@deepseek-ai/dsh-llm': 0.1.5-alpha.1(@deepseek-ai/cordis@4.0.2)
      '@deepseek-ai/dsh-scope': 0.1.5-alpha.1(@deepseek-ai/cordis@4.0.2)(@deepseek-ai/dsh-invariants@0.1.5-alpha.1(@deepseek-ai/cordis@4.0.2))
      '@deepseek-ai/schemastery': 3.18.2

  '@deepseek-ai/dsh-timeout@0.1.5-alpha.1(@deepseek-ai/cordis@4.0.2)':
    dependencies:
      '@deepseek-ai/cordis': 4.0.2

  '@deepseek-ai/dsh-typert-protocol@0.1.5-alpha.1(@deepseek-ai/cordis@4.0.2)':
    dependencies:
      '@deepseek-ai/cordis': 4.0.2

  '@deepseek-ai/dsh-util-crypto@0.1.5-alpha.1(@deepseek-ai/cordis@4.0.2)':
    dependencies:
      '@deepseek-ai/cordis': 4.0.2

  '@deepseek-ai/dsh-util-values@0.1.5-alpha.1(@deepseek-ai/cordis@4.0.2)':
    dependencies:
      '@deepseek-ai/cordis': 4.0.2

  '@deepseek-ai/schemastery@3.18.2':
    dependencies:
      '@deepseek-ai/cosmokit': 1.8.3
      '@standard-schema/spec': 1.1.0

  '@standard-schema/spec@1.1.0': {}

  zod@4.5.4: {}
